// !$*UTF8*$!
{
	archiveVersion = 1;
	classes = {
	};
	objectVersion = 77;
	objects = {

/* Begin PBXBuildFile section */
		F103C2852F4594B5000A6C5B /* WidgetKit.framework in Frameworks */ = {isa = PBXBuildFile; fileRef = F103C2842F4594B5000A6C5B /* WidgetKit.framework */; };
		F103C2872F4594B5000A6C5B /* SwiftUI.framework in Frameworks */ = {isa = PBXBuildFile; fileRef = F103C2862F4594B5000A6C5B /* SwiftUI.framework */; };
		F103C2962F4594B6000A6C5B /* OpenLineWidgetExtension.appex in Embed Foundation Extensions */ = {isa = PBXBuildFile; fileRef = F103C2822F4594B5000A6C5B /* OpenLineWidgetExtension.appex */; settings = {ATTRIBUTES = (RemoveHeadersOnCopy, ); }; };
/* End PBXBuildFile section */

/* Begin PBXContainerItemProxy section */
		5CCDE2592E011CE700F92CBD /* PBXContainerItemProxy */ = {
			isa = PBXContainerItemProxy;
			containerPortal = 5CCDE23C2E011CE500F92CBD /* Project object */;
			proxyType = 1;
			remoteGlobalIDString = 5CCDE2432E011CE500F92CBD;
			remoteInfo = OpenLine;
		};
		5CCDE2632E011CE700F92CBD /* PBXContainerItemProxy */ = {
			isa = PBXContainerItemProxy;
			containerPortal = 5CCDE23C2E011CE500F92CBD /* Project object */;
			proxyType = 1;
			remoteGlobalIDString = 5CCDE2432E011CE500F92CBD;
			remoteInfo = OpenLine;
		};
		F103C2942F4594B6000A6C5B /* PBXContainerItemProxy */ = {
			isa = PBXContainerItemProxy;
			containerPortal = 5CCDE23C2E011CE500F92CBD /* Project object */;
			proxyType = 1;
			remoteGlobalIDString = F103C2812F4594B5000A6C5B;
			remoteInfo = OpenLineWidgetExtension;
		};
/* End PBXContainerItemProxy section */

/* Begin PBXCopyFilesBuildPhase section */
		F103C2972F4594B6000A6C5B /* Embed Foundation Extensions */ = {
			isa = PBXCopyFilesBuildPhase;
			buildActionMask = 2147483647;
			dstPath = "";
			dstSubfolderSpec = 13;
			files = (
				F103C2962F4594B6000A6C5B /* OpenLineWidgetExtension.appex in Embed Foundation Extensions */,
			);
			name = "Embed Foundation Extensions";
			runOnlyForDeploymentPostprocessing = 0;
		};
/* End PBXCopyFilesBuildPhase section */

/* Begin PBXFileReference section */
		5CCDE2442E011CE500F92CBD /* OpenLine.app */ = {isa = PBXFileReference; explicitFileType = wrapper.application; includeInIndex = 0; path = OpenLine.app; sourceTree = BUILT_PRODUCTS_DIR; };
		5CCDE2582E011CE700F92CBD /* OpenLineTests.xctest */ = {isa = PBXFileReference; explicitFileType = wrapper.cfbundle; includeInIndex = 0; path = OpenLineTests.xctest; sourceTree = BUILT_PRODUCTS_DIR; };
		5CCDE2622E011CE700F92CBD /* OpenLineUITests.xctest */ = {isa = PBXFileReference; explicitFileType = wrapper.cfbundle; includeInIndex = 0; path = OpenLineUITests.xctest; sourceTree = BUILT_PRODUCTS_DIR; };
		F103C2822F4594B5000A6C5B /* OpenLineWidgetExtension.appex */ = {isa = PBXFileReference; explicitFileType = "wrapper.app-extension"; includeInIndex = 0; path = OpenLineWidgetExtension.appex; sourceTree = BUILT_PRODUCTS_DIR; };
		F103C2842F4594B5000A6C5B /* WidgetKit.framework */ = {isa = PBXFileReference; lastKnownFileType = wrapper.framework; name = WidgetKit.framework; path = System/Library/Frameworks/WidgetKit.framework; sourceTree = SDKROOT; };
		F103C2862F4594B5000A6C5B /* SwiftUI.framework */ = {isa = PBXFileReference; lastKnownFileType = wrapper.framework; name = SwiftUI.framework; path = System/Library/Frameworks/SwiftUI.framework; sourceTree = SDKROOT; };
/* End PBXFileReference section */

/* Begin PBXFileSystemSynchronizedBuildFileExceptionSet section */
		5CCDE26A2E011CE700F92CBD /* Exceptions for "OpenLine" folder in "OpenLine" target */ = {
			isa = PBXFileSystemSynchronizedBuildFileExceptionSet;
			membershipExceptions = (
				Info.plist,
			);
			target = 5CCDE2432E011CE500F92CBD /* OpenLine */;
		};
		F103C29B2F4594B6000A6C5B /* Exceptions for "OpenLineWidget" folder in "OpenLineWidgetExtension" target */ = {
			isa = PBXFileSystemSynchronizedBuildFileExceptionSet;
			membershipExceptions = (
				Info.plist,
			);
			target = F103C2812F4594B5000A6C5B /* OpenLineWidgetExtension */;
		};
/* End PBXFileSystemSynchronizedBuildFileExceptionSet section */

/* Begin PBXFileSystemSynchronizedRootGroup section */
		5CCDE2462E011CE500F92CBD /* OpenLine */ = {
			isa = PBXFileSystemSynchronizedRootGroup;
			exceptions = (
				5CCDE26A2E011CE700F92CBD /* Exceptions for "OpenLine" folder in "OpenLine" target */,
			);
			path = OpenLine;
			sourceTree = "<group>";
		};
		5CCDE25B2E011CE700F92CBD /* OpenLineTests */ = {
			isa = PBXFileSystemSynchronizedRootGroup;
			path = OpenLineTests;
			sourceTree = "<group>";
		};
		5CCDE2652E011CE700F92CBD /* OpenLineUITests */ = {
			isa = PBXFileSystemSynchronizedRootGroup;
			path = OpenLineUITests;
			sourceTree = "<group>";
		};
		F103C2882F4594B5000A6C5B /* OpenLineWidget */ = {
			isa = PBXFileSystemSynchronizedRootGroup;
			exceptions = (
				F103C29B2F4594B6000A6C5B /* Exceptions for "OpenLineWidget" folder in "OpenLineWidgetExtension" target */,
			);
			path = OpenLineWidget;
			sourceTree = "<group>";
		};
/* End PBXFileSystemSynchronizedRootGroup section */

/* Begin PBXFrameworksBuildPhase section */
		5CCDE2412E011CE500F92CBD /* Frameworks */ = {
			isa = PBXFrameworksBuildPhase;
			buildActionMask = 2147483647;
			files = (
			);
			runOnlyForDeploymentPostprocessing = 0;
		};
		5CCDE2552E011CE700F92CBD /* Frameworks */ = {
			isa = PBXFrameworksBuildPhase;
			buildActionMask = 2147483647;
			files = (
			);
			runOnlyForDeploymentPostprocessing = 0;
		};
		5CCDE25F2E011CE700F92CBD /* Frameworks */ = {
			isa = PBXFrameworksBuildPhase;
			buildActionMask = 2147483647;
			files = (
			);
			runOnlyForDeploymentPostprocessing = 0;
		};
		F103C27F2F4594B5000A6C5B /* Frameworks */ = {
			isa = PBXFrameworksBuildPhase;
			buildActionMask = 2147483647;
			files = (
				F103C2872F4594B5000A6C5B /* SwiftUI.framework in Frameworks */,
				F103C2852F4594B5000A6C5B /* WidgetKit.framework in Frameworks */,
			);
			runOnlyForDeploymentPostprocessing = 0;
		};
/* End PBXFrameworksBuildPhase section */

/* Begin PBXGroup section */
		5CCDE23B2E011CE500F92CBD = {
			isa = PBXGroup;
			children = (
				5CCDE2462E011CE500F92CBD /* OpenLine */,
				5CCDE25B2E011CE700F92CBD /* OpenLineTests */,
				5CCDE2652E011CE700F92CBD /* OpenLineUITests */,
				F103C2882F4594B5000A6C5B /* OpenLineWidget */,
				F103C2832F4594B5000A6C5B /* Frameworks */,
				5CCDE2452E011CE500F92CBD /* Products */,
			);
			sourceTree = "<group>";
		};
		5CCDE2452E011CE500F92CBD /* Products */ = {
			isa = PBXGroup;
			children = (
				5CCDE2442E011CE500F92CBD /* OpenLine.app */,
				5CCDE2582E011CE700F92CBD /* OpenLineTests.xctest */,
				5CCDE2622E011CE700F92CBD /* OpenLineUITests.xctest */,
				F103C2822F4594B5000A6C5B /* OpenLineWidgetExtension.appex */,
			);
			name = Products;
			sourceTree = "<group>";
		};
		F103C2832F4594B5000A6C5B /* Frameworks */ = {
			isa = PBXGroup;
			children = (
				F103C2842F4594B5000A6C5B /* WidgetKit.framework */,
				F103C2862F4594B5000A6C5B /* SwiftUI.framework */,
			);
			name = Frameworks;
			sourceTree = "<group>";
		};
/* End PBXGroup section */

/* Begin PBXNativeTarget section */
		5CCDE2432E011CE500F92CBD /* OpenLine */ = {
			isa = PBXNativeTarget;
			buildConfigurationList = 5CCDE26B2E011CE700F92CBD /* Build configuration list for PBXNativeTarget "OpenLine" */;
			buildPhases = (
				5CCDE2402E011CE500F92CBD /* Sources */,
				5CCDE2412E011CE500F92CBD /* Frameworks */,
				5CCDE2422E011CE500F92CBD /* Resources */,
				F103C2972F4594B6000A6C5B /* Embed Foundation Extensions */,
			);
			buildRules = (
			);
			dependencies = (
				F103C2952F4594B6000A6C5B /* PBXTargetDependency */,
			);
			fileSystemSynchronizedGroups = (
				5CCDE2462E011CE500F92CBD /* OpenLine */,
			);
			name = OpenLine;
			packageProductDependencies = (
			);
			productName = OpenLine;
			productReference = 5CCDE2442E011CE500F92CBD /* OpenLine.app */;
			productType = "com.apple.product-type.application";
		};
		5CCDE2572E011CE700F92CBD /* OpenLineTests */ = {
			isa = PBXNativeTarget;
			buildConfigurationList = 5CCDE2702E011CE700F92CBD /* Build configuration list for PBXNativeTarget "OpenLineTests" */;
			buildPhases = (
				5CCDE2542E011CE700F92CBD /* Sources */,
				5CCDE2552E011CE700F92CBD /* Frameworks */,
				5CCDE2562E011CE700F92CBD /* Resources */,
			);
			buildRules = (
			);
			dependencies = (
				5CCDE25A2E011CE700F92CBD /* PBXTargetDependency */,
			);
			fileSystemSynchronizedGroups = (
				5CCDE25B2E011CE700F92CBD /* OpenLineTests */,
			);
			name = OpenLineTests;
			packageProductDependencies = (
			);
			productName = OpenLineTests;
			productReference = 5CCDE2582E011CE700F92CBD /* OpenLineTests.xctest */;
			productType = "com.apple.product-type.bundle.unit-test";
		};
		5CCDE2612E011CE700F92CBD /* OpenLineUITests */ = {
			isa = PBXNativeTarget;
			buildConfigurationList = 5CCDE2732E011CE700F92CBD /* Build configuration list for PBXNativeTarget "OpenLineUITests" */;
			buildPhases = (
				5CCDE25E2E011CE700F92CBD /* Sources */,
				5CCDE25F2E011CE700F92CBD /* Frameworks */,
				5CCDE2602E011CE700F92CBD /* Resources */,
			);
			buildRules = (
			);
			dependencies = (
				5CCDE2642E011CE700F92CBD /* PBXTargetDependency */,
			);
			fileSystemSynchronizedGroups = (
				5CCDE2652E011CE700F92CBD /* OpenLineUITests */,
			);
			name = OpenLineUITests;
			packageProductDependencies = (
			);
			productName = OpenLineUITests;
			productReference = 5CCDE2622E011CE700F92CBD /* OpenLineUITests.xctest */;
			productType = "com.apple.product-type.bundle.ui-testing";
		};
		F103C2812F4594B5000A6C5B /* OpenLineWidgetExtension */ = {
			isa = PBXNativeTarget;
			buildConfigurationList = F103C29A2F4594B6000A6C5B /* Build configuration list for PBXNativeTarget "OpenLineWidgetExtension" */;
			buildPhases = (
				F103C27E2F4594B5000A6C5B /* Sources */,
				F103C27F2F4594B5000A6C5B /* Frameworks */,
				F103C2802F4594B5000A6C5B /* Resources */,
			);
			buildRules = (
			);
			dependencies = (
			);
			fileSystemSynchronizedGroups = (
				F103C2882F4594B5000A6C5B /* OpenLineWidget */,
			);
			name = OpenLineWidgetExtension;
			packageProductDependencies = (
			);
			productName = OpenLineWidgetExtension;
			productReference = F103C2822F4594B5000A6C5B /* OpenLineWidgetExtension.appex */;
			productType = "com.apple.product-type.app-extension";
		};
/* End PBXNativeTarget section */

/* Begin PBXProject section */
		5CCDE23C2E011CE500F92CBD /* Project object */ = {
			isa = PBXProject;
			attributes = {
				BuildIndependentTargetsInParallel = 1;
				LastSwiftUpdateCheck = 2610;
				LastUpgradeCheck = 2600;
				TargetAttributes = {
					5CCDE2432E011CE500F92CBD = {
						CreatedOnToolsVersion = 16.0;
					};
					5CCDE2572E011CE700F92CBD = {
						CreatedOnToolsVersion = 16.0;
						TestTargetID = 5CCDE2432E011CE500F92CBD;
					};
					5CCDE2612E011CE700F92CBD = {
						CreatedOnToolsVersion = 16.0;
						TestTargetID = 5CCDE2432E011CE500F92CBD;
					};
					F103C2812F4594B5000A6C5B = {
						CreatedOnToolsVersion = 26.1.1;
					};
				};
			};
			buildConfigurationList = 5CCDE23F2E011CE500F92CBD /* Build configuration list for PBXProject "OpenLine" */;
			developmentRegion = en;
			hasScannedForEncodings = 0;
			knownRegions = (
				en,
				Base,
			);
			mainGroup = 5CCDE23B2E011CE500F92CBD;
			minimizedProjectReferenceProxies = 1;
			preferredProjectObjectVersion = 77;
			productRefGroup = 5CCDE2452E011CE500F92CBD /* Products */;
			projectDirPath = "";
			projectRoot = "";
			targets = (
				5CCDE2432E011CE500F92CBD /* OpenLine */,
				5CCDE2572E011CE700F92CBD /* OpenLineTests */,
				5CCDE2612E011CE700F92CBD /* OpenLineUITests */,
				F103C2812F4594B5000A6C5B /* OpenLineWidgetExtension */,
			);
		};
/* End PBXProject section */

/* Begin PBXResourcesBuildPhase section */
		5CCDE2422E011CE500F92CBD /* Resources */ = {
			isa = PBXResourcesBuildPhase;
			buildActionMask = 2147483647;
			files = (
			);
			runOnlyForDeploymentPostprocessing = 0;
		};
		5CCDE2562E011CE700F92CBD /* Resources */ = {
			isa = PBXResourcesBuildPhase;
			buildActionMask = 2147483647;
			files = (
			);
			runOnlyForDeploymentPostprocessing = 0;
		};
		5CCDE2602E011CE700F92CBD /* Resources */ = {
			isa = PBXResourcesBuildPhase;
			buildActionMask = 2147483647;
			files = (
			);
			runOnlyForDeploymentPostprocessing = 0;
		};
		F103C2802F4594B5000A6C5B /* Resources */ = {
			isa = PBXResourcesBuildPhase;
			buildActionMask = 2147483647;
			files = (
			);
			runOnlyForDeploymentPostprocessing = 0;
		};
/* End PBXResourcesBuildPhase section */

/* Begin PBXSourcesBuildPhase section */
		5CCDE2402E011CE500F92CBD /* Sources */ = {
			isa = PBXSourcesBuildPhase;
			buildActionMask = 2147483647;
			files = (
			);
			runOnlyForDeploymentPostprocessing = 0;
		};
		5CCDE2542E011CE700F92CBD /* Sources */ = {
			isa = PBXSourcesBuildPhase;
			buildActionMask = 2147483647;
			files = (
			);
			runOnlyForDeploymentPostprocessing = 0;
		};
		5CCDE25E2E011CE700F92CBD /* Sources */ = {
			isa = PBXSourcesBuildPhase;
			buildActionMask = 2147483647;
			files = (
			);
			runOnlyForDeploymentPostprocessing = 0;
		};
		F103C27E2F4594B5000A6C5B /* Sources */ = {
			isa = PBXSourcesBuildPhase;
			buildActionMask = 2147483647;
			files = (
			);
			runOnlyForDeploymentPostprocessing = 0;
		};
/* End PBXSourcesBuildPhase section */

/* Begin PBXTargetDependency section */
		5CCDE25A2E011CE700F92CBD /* PBXTargetDependency */ = {
			isa = PBXTargetDependency;
			target = 5CCDE2432E011CE500F92CBD /* OpenLine */;
			targetProxy = 5CCDE2592E011CE700F92CBD /* PBXContainerItemProxy */;
		};
		5CCDE2642E011CE700F92CBD /* PBXTargetDependency */ = {
			isa = PBXTargetDependency;
			target = 5CCDE2432E011CE500F92CBD /* OpenLine */;
			targetProxy = 5CCDE2632E011CE700F92CBD /* PBXContainerItemProxy */;
		};
		F103C2952F4594B6000A6C5B /* PBXTargetDependency */ = {
			isa = PBXTargetDependency;
			target = F103C2812F4594B5000A6C5B /* OpenLineWidgetExtension */;
			targetProxy = F103C2942F4594B6000A6C5B /* PBXContainerItemProxy */;
		};
/* End PBXTargetDependency section */

/* Begin XCBuildConfiguration section */
		5CCDE26C2E011CE700F92CBD /* Debug */ = {
			isa = XCBuildConfiguration;
			buildSettings = {
				ASSETCATALOG_COMPILER_APPICON_NAME = AppIcon;
				ASSETCATALOG_COMPILER_GLOBAL_ACCENT_COLOR_NAME = AccentColor;
				CODE_SIGN_ENTITLEMENTS = OpenLine/OpenLine.entitlements;
				CODE_SIGN_STYLE = Automatic;
				CURRENT_PROJECT_VERSION = 30;
				DEVELOPMENT_ASSET_PATHS = "\"OpenLine/Preview Content\"";
				ENABLE_APP_SANDBOX = YES;
				ENABLE_PREVIEWS = YES;
				ENABLE_USER_SELECTED_FILES = readonly;
				GENERATE_INFOPLIST_FILE = YES;
				INFOPLIST_FILE = OpenLine/Info.plist;
				INFOPLIST_KEY_UIApplicationSceneManifest_Generation = YES;
				INFOPLIST_KEY_UIApplicationSupportsIndirectInputEvents = YES;
				INFOPLIST_KEY_UILaunchScreen_Generation = YES;
				INFOPLIST_KEY_UISupportedInterfaceOrientations_iPad = "UIInterfaceOrientationPortrait UIInterfaceOrientationPortraitUpsideDown UIInterfaceOrientationLandscapeLeft UIInterfaceOrientationLandscapeRight";
				INFOPLIST_KEY_UISupportedInterfaceOrientations_iPhone = "UIInterfaceOrientationPortrait UIInterfaceOrientationLandscapeLeft UIInterfaceOrientationLandscapeRight";
				LD_RUNPATH_SEARCH_PATHS = (
					"$(inherited)",
					"@executable_path/Frameworks",
				);
				MARKETING_VERSION = 1.0;
				PRODUCT_BUNDLE_IDENTIFIER = com.shea.OpenLine;
				PRODUCT_NAME = "$(TARGET_NAME)";
				SWIFT_EMIT_LOC_STRINGS = YES;
				SWIFT_VERSION = 5.0;
				TARGETED_DEVICE_FAMILY = "1,2";
			};
			name = Debug;
		};
		5CCDE26D2E011CE700F92CBD /* Release */ = {
			isa = XCBuildConfiguration;
			buildSettings = {
				ASSETCATALOG_COMPILER_APPICON_NAME = AppIcon;
				ASSETCATALOG_COMPILER_GLOBAL_ACCENT_COLOR_NAME = AccentColor;
				CODE_SIGN_ENTITLEMENTS = OpenLine/OpenLine.entitlements;
				CODE_SIGN_STYLE = Automatic;
				CURRENT_PROJECT_VERSION = 30;
				DEVELOPMENT_ASSET_PATHS = "\"OpenLine/Preview Content\"";
				ENABLE_APP_SANDBOX = YES;
				ENABLE_PREVIEWS = YES;
				ENABLE_USER_SELECTED_FILES = readonly;
				GENERATE_INFOPLIST_FILE = YES;
				INFOPLIST_FILE = OpenLine/Info.plist;
				INFOPLIST_KEY_UIApplicationSceneManifest_Generation = YES;
				INFOPLIST_KEY_UIApplicationSupportsIndirectInputEvents = YES;
				INFOPLIST_KEY_UILaunchScreen_Generation = YES;
				INFOPLIST_KEY_UISupportedInterfaceOrientations_iPad = "UIInterfaceOrientationPortrait UIInterfaceOrientationPortraitUpsideDown UIInterfaceOrientationLandscapeLeft UIInterfaceOrientationLandscapeRight";
				INFOPLIST_KEY_UISupportedInterfaceOrientations_iPhone = "UIInterfaceOrientationPortrait UIInterfaceOrientationLandscapeLeft UIInterfaceOrientationLandscapeRight";
				LD_RUNPATH_SEARCH_PATHS = (
					"$(inherited)",
					"@executable_path/Frameworks",
				);
				MARKETING_VERSION = 1.0;
				PRODUCT_BUNDLE_IDENTIFIER = com.shea.OpenLine;
				PRODUCT_NAME = "$(TARGET_NAME)";
				SWIFT_EMIT_LOC_STRINGS = YES;
				SWIFT_VERSION = 5.0;
				TARGETED_DEVICE_FAMILY = "1,2";
			};
			name = Release;
		};
		5CCDE26E2E011CE700F92CBD /* Debug */ = {
			isa = XCBuildConfiguration;
			buildSettings = {
				ALWAYS_SEARCH_USER_PATHS = NO;
				ASSETCATALOG_COMPILER_GENERATE_SWIFT_ASSET_SYMBOL_EXTENSIONS = YES;
				CLANG_ANALYZER_NONNULL = YES;
				CLANG_ANALYZER_NUMBER_OBJECT_CONVERSION = YES_AGGRESSIVE;
				CLANG_CXX_LANGUAGE_STANDARD = "gnu++20";
				CLANG_ENABLE_MODULES = YES;
				CLANG_ENABLE_OBJC_ARC = YES;
				CLANG_ENABLE_OBJC_WEAK = YES;
				CLANG_WARN_BLOCK_CAPTURE_AUTORELEASING = YES;
				CLANG_WARN_BOOL_CONVERSION = YES;
				CLANG_WARN_COMMA = YES;
				CLANG_WARN_CONSTANT_CONVERSION = YES;
				CLANG_WARN_DEPRECATED_OBJC_IMPLEMENTATIONS = YES;
				CLANG_WARN_DIRECT_OBJC_ISA_USAGE = YES_ERROR;
				CLANG_WARN_DOCUMENTATION_COMMENTS = YES;
				CLANG_WARN_EMPTY_BODY = YES;
				CLANG_WARN_ENUM_CONVERSION = YES;
				CLANG_WARN_INFINITE_RECURSION = YES;
				CLANG_WARN_INT_CONVERSION = YES;
				CLANG_WARN_NON_LITERAL_NULL_CONVERSION = YES;
				CLANG_WARN_OBJC_IMPLICIT_RETAIN_SELF = YES;
				CLANG_WARN_OBJC_LITERAL_CONVERSION = YES;
				CLANG_WARN_OBJC_ROOT_CLASS = YES_ERROR;
				CLANG_WARN_QUOTED_INCLUDE_IN_FRAMEWORK_HEADER = YES;
				CLANG_WARN_RANGE_LOOP_ANALYSIS = YES;
				CLANG_WARN_STRICT_PROTOTYPES = YES;
				CLANG_WARN_SUSPICIOUS_MOVE = YES;
				CLANG_WARN_UNGUARDED_AVAILABILITY = YES_AGGRESSIVE;
				CLANG_WARN_UNREACHABLE_CODE = YES;
				CLANG_WARN__DUPLICATE_METHOD_MATCH = YES;
				COPY_PHASE_STRIP = NO;
				DEBUG_INFORMATION_FORMAT = dwarf;
				DEVELOPMENT_TEAM = 37J8TQMYHZ;
				ENABLE_STRICT_OBJC_MSGSEND = YES;
				ENABLE_TESTABILITY = YES;
				ENABLE_USER_SCRIPT_SANDBOXING = YES;
				GCC_C_LANGUAGE_STANDARD = gnu17;
				GCC_DYNAMIC_NO_PIC = NO;
				GCC_NO_COMMON_BLOCKS = YES;
				GCC_OPTIMIZATION_LEVEL = 0;
				GCC_PREPROCESSOR_DEFINITIONS = (
					"DEBUG=1",
					"$(inherited)",
				);
				GCC_WARN_64_TO_32_BIT_CONVERSION = YES;
				GCC_WARN_ABOUT_RETURN_TYPE = YES_ERROR;
				GCC_WARN_UNDECLARED_SELECTOR = YES;
				GCC_WARN_UNINITIALIZED_AUTOS = YES_AGGRESSIVE;
				GCC_WARN_UNUSED_FUNCTION = YES;
				GCC_WARN_UNUSED_VARIABLE = YES;
				IPHONEOS_DEPLOYMENT_TARGET = 18.0;
				LOCALIZATION_PREFERS_STRING_CATALOGS = YES;
				MTL_ENABLE_DEBUG_INFO = INCLUDE_SOURCE;
				MTL_FAST_MATH = YES;
				ONLY_ACTIVE_ARCH = YES;
				SDKROOT = iphoneos;
				STRING_CATALOG_GENERATE_SYMBOLS = YES;
				SWIFT_ACTIVE_COMPILATION_CONDITIONS = "DEBUG $(inherited)";
				SWIFT_OPTIMIZATION_LEVEL = "-Onone";
			};
			name = Debug;
		};
		5CCDE26F2E011CE700F92CBD /* Release */ = {
			isa = XCBuildConfiguration;
			buildSettings = {
				ALWAYS_SEARCH_USER_PATHS = NO;
				ASSETCATALOG_COMPILER_GENERATE_SWIFT_ASSET_SYMBOL_EXTENSIONS = YES;
				CLANG_ANALYZER_NONNULL = YES;
				CLANG_ANALYZER_NUMBER_OBJECT_CONVERSION = YES_AGGRESSIVE;
				CLANG_CXX_LANGUAGE_STANDARD = "gnu++20";
				CLANG_ENABLE_MODULES = YES;
				CLANG_ENABLE_OBJC_ARC = YES;
				CLANG_ENABLE_OBJC_WEAK = YES;
				CLANG_WARN_BLOCK_CAPTURE_AUTORELEASING = YES;
				CLANG_WARN_BOOL_CONVERSION = YES;
				CLANG_WARN_COMMA = YES;
				CLANG_WARN_CONSTANT_CONVERSION = YES;
				CLANG_WARN_DEPRECATED_OBJC_IMPLEMENTATIONS = YES;
				CLANG_WARN_DIRECT_OBJC_ISA_USAGE = YES_ERROR;
				CLANG_WARN_DOCUMENTATION_COMMENTS = YES;
				CLANG_WARN_EMPTY_BODY = YES;
				CLANG_WARN_ENUM_CONVERSION = YES;
				CLANG_WARN_INFINITE_RECURSION = YES;
				CLANG_WARN_INT_CONVERSION = YES;
				CLANG_WARN_NON_LITERAL_NULL_CONVERSION = YES;
				CLANG_WARN_OBJC_IMPLICIT_RETAIN_SELF = YES;
				CLANG_WARN_OBJC_LITERAL_CONVERSION = YES;
				CLANG_WARN_OBJC_ROOT_CLASS = YES_ERROR;
				CLANG_WARN_QUOTED_INCLUDE_IN_FRAMEWORK_HEADER = YES;
				CLANG_WARN_RANGE_LOOP_ANALYSIS = YES;
				CLANG_WARN_STRICT_PROTOTYPES = YES;
				CLANG_WARN_SUSPICIOUS_MOVE = YES;
				CLANG_WARN_UNGUARDED_AVAILABILITY = YES_AGGRESSIVE;
				CLANG_WARN_UNREACHABLE_CODE = YES;
				CLANG_WARN__DUPLICATE_METHOD_MATCH = YES;
				COPY_PHASE_STRIP = NO;
				DEBUG_INFORMATION_FORMAT = "dwarf-with-dsym";
				DEVELOPMENT_TEAM = 37J8TQMYHZ;
				ENABLE_NS_ASSERTIONS = NO;
				ENABLE_STRICT_OBJC_MSGSEND = YES;
				ENABLE_USER_SCRIPT_SANDBOXING = YES;
				GCC_C_LANGUAGE_STANDARD = gnu17;
				GCC_NO_COMMON_BLOCKS = YES;
				GCC_WARN_64_TO_32_BIT_CONVERSION = YES;
				GCC_WARN_ABOUT_RETURN_TYPE = YES_ERROR;
				GCC_WARN_UNDECLARED_SELECTOR = YES;
				GCC_WARN_UNINITIALIZED_AUTOS = YES_AGGRESSIVE;
				GCC_WARN_UNUSED_FUNCTION = YES;
				GCC_WARN_UNUSED_VARIABLE = YES;
				IPHONEOS_DEPLOYMENT_TARGET = 18.0;
				LOCALIZATION_PREFERS_STRING_CATALOGS = YES;
				MTL_ENABLE_DEBUG_INFO = NO;
				MTL_FAST_MATH = YES;
				SDKROOT = iphoneos;
				STRING_CATALOG_GENERATE_SYMBOLS = YES;
				SWIFT_COMPILATION_MODE = wholemodule;
				VALIDATE_PRODUCT = YES;
			};
			name = Release;
		};
		5CCDE2712E011CE700F92CBD /* Debug */ = {
			isa = XCBuildConfiguration;
			buildSettings = {
				BUNDLE_LOADER = "$(TEST_HOST)";
				CODE_SIGN_STYLE = Automatic;
				CURRENT_PROJECT_VERSION = 30;
				GENERATE_INFOPLIST_FILE = YES;
				IPHONEOS_DEPLOYMENT_TARGET = 18.0;
				MARKETING_VERSION = 1.0;
				PRODUCT_BUNDLE_IDENTIFIER = com.shea.OpenLineTests;
				PRODUCT_NAME = "$(TARGET_NAME)";
				SWIFT_EMIT_LOC_STRINGS = NO;
				SWIFT_VERSION = 5.0;
				TARGETED_DEVICE_FAMILY = "1,2";
				TEST_HOST = "$(BUILT_PRODUCTS_DIR)/OpenLine.app/$(BUNDLE_EXECUTABLE_FOLDER_PATH)/OpenLine";
			};
			name = Debug;
		};
		5CCDE2722E011CE700F92CBD /* Release */ = {
			isa = XCBuildConfiguration;
			buildSettings = {
				BUNDLE_LOADER = "$(TEST_HOST)";
				CODE_SIGN_STYLE = Automatic;
				CURRENT_PROJECT_VERSION = 30;
				GENERATE_INFOPLIST_FILE = YES;
				IPHONEOS_DEPLOYMENT_TARGET = 18.0;
				MARKETING_VERSION = 1.0;
				PRODUCT_BUNDLE_IDENTIFIER = com.shea.OpenLineTests;
				PRODUCT_NAME = "$(TARGET_NAME)";
				SWIFT_EMIT_LOC_STRINGS = NO;
				SWIFT_VERSION = 5.0;
				TARGETED_DEVICE_FAMILY = "1,2";
				TEST_HOST = "$(BUILT_PRODUCTS_DIR)/OpenLine.app/$(BUNDLE_EXECUTABLE_FOLDER_PATH)/OpenLine";
			};
			name = Release;
		};
		5CCDE2742E011CE700F92CBD /* Debug */ = {
			isa = XCBuildConfiguration;
			buildSettings = {
				CODE_SIGN_STYLE = Automatic;
				CURRENT_PROJECT_VERSION = 30;
				GENERATE_INFOPLIST_FILE = YES;
				MARKETING_VERSION = 1.0;
				PRODUCT_BUNDLE_IDENTIFIER = com.shea.OpenLineUITests;
				PRODUCT_NAME = "$(TARGET_NAME)";
				SWIFT_EMIT_LOC_STRINGS = NO;
				SWIFT_VERSION = 5.0;
				TARGETED_DEVICE_FAMILY = "1,2";
				TEST_TARGET_NAME = OpenLine;
			};
			name = Debug;
		};
		5CCDE2752E011CE700F92CBD /* Release */ = {
			isa = XCBuildConfiguration;
			buildSettings = {
				CODE_SIGN_STYLE = Automatic;
				CURRENT_PROJECT_VERSION = 30;
				GENERATE_INFOPLIST_FILE = YES;
				MARKETING_VERSION = 1.0;
				PRODUCT_BUNDLE_IDENTIFIER = com.shea.OpenLineUITests;
				PRODUCT_NAME = "$(TARGET_NAME)";
				SWIFT_EMIT_LOC_STRINGS = NO;
				SWIFT_VERSION = 5.0;
				TARGETED_DEVICE_FAMILY = "1,2";
				TEST_TARGET_NAME = OpenLine;
			};
			name = Release;
		};
		F103C2982F4594B6000A6C5B /* Debug */ = {
			isa = XCBuildConfiguration;
			buildSettings = {
				ASSETCATALOG_COMPILER_GLOBAL_ACCENT_COLOR_NAME = AccentColor;
				ASSETCATALOG_COMPILER_WIDGET_BACKGROUND_COLOR_NAME = WidgetBackground;
				CODE_SIGN_ENTITLEMENTS = OpenLineWidget/OpenLineWidget.entitlements;
				CODE_SIGN_STYLE = Automatic;
				CURRENT_PROJECT_VERSION = 30;
				DEVELOPMENT_TEAM = 37J8TQMYHZ;
				GENERATE_INFOPLIST_FILE = YES;
				INFOPLIST_FILE = OpenLineWidget/Info.plist;
				INFOPLIST_KEY_CFBundleDisplayName = OpenLineWidget;
				INFOPLIST_KEY_NSHumanReadableCopyright = "";
				IPHONEOS_DEPLOYMENT_TARGET = 18.0;
				LD_RUNPATH_SEARCH_PATHS = (
					"$(inherited)",
					"@executable_path/Frameworks",
					"@executable_path/../../Frameworks",
				);
				MARKETING_VERSION = 1.0;
				PRODUCT_BUNDLE_IDENTIFIER = com.shea.OpenLine.OpenLineWidget;
				PRODUCT_NAME = "$(TARGET_NAME)";
				SKIP_INSTALL = YES;
				STRING_CATALOG_GENERATE_SYMBOLS = YES;
				SWIFT_APPROACHABLE_CONCURRENCY = YES;
				SWIFT_EMIT_LOC_STRINGS = YES;
				SWIFT_UPCOMING_FEATURE_MEMBER_IMPORT_VISIBILITY = YES;
				SWIFT_VERSION = 5.0;
				TARGETED_DEVICE_FAMILY = "1,2";
			};
			name = Debug;
		};
		F103C2992F4594B6000A6C5B /* Release */ = {
			isa = XCBuildConfiguration;
			buildSettings = {
				ASSETCATALOG_COMPILER_GLOBAL_ACCENT_COLOR_NAME = AccentColor;
				ASSETCATALOG_COMPILER_WIDGET_BACKGROUND_COLOR_NAME = WidgetBackground;
				CODE_SIGN_ENTITLEMENTS = OpenLineWidget/OpenLineWidget.entitlements;
				CODE_SIGN_STYLE = Automatic;
				CURRENT_PROJECT_VERSION = 30;
				DEVELOPMENT_TEAM = 37J8TQMYHZ;
				GENERATE_INFOPLIST_FILE = YES;
				INFOPLIST_FILE = OpenLineWidget/Info.plist;
				INFOPLIST_KEY_CFBundleDisplayName = OpenLineWidget;
				INFOPLIST_KEY_NSHumanReadableCopyright = "";
				IPHONEOS_DEPLOYMENT_TARGET = 18.0;
				LD_RUNPATH_SEARCH_PATHS = (
					"$(inherited)",
					"@executable_path/Frameworks",
					"@executable_path/../../Frameworks",
				);
				MARKETING_VERSION = 1.0;
				PRODUCT_BUNDLE_IDENTIFIER = com.shea.OpenLine.OpenLineWidget;
				PRODUCT_NAME = "$(TARGET_NAME)";
				SKIP_INSTALL = YES;
				STRING_CATALOG_GENERATE_SYMBOLS = YES;
				SWIFT_APPROACHABLE_CONCURRENCY = YES;
				SWIFT_EMIT_LOC_STRINGS = YES;
				SWIFT_UPCOMING_FEATURE_MEMBER_IMPORT_VISIBILITY = YES;
				SWIFT_VERSION = 5.0;
				TARGETED_DEVICE_FAMILY = "1,2";
			};
			name = Release;
		};
/* End XCBuildConfiguration section */

/* Begin XCConfigurationList section */
		5CCDE23F2E011CE500F92CBD /* Build configuration list for PBXProject "OpenLine" */ = {
			isa = XCConfigurationList;
			buildConfigurations = (
				5CCDE26E2E011CE700F92CBD /* Debug */,
				5CCDE26F2E011CE700F92CBD /* Release */,
			);
			defaultConfigurationIsVisible = 0;
			defaultConfigurationName = Release;
		};
		5CCDE26B2E011CE700F92CBD /* Build configuration list for PBXNativeTarget "OpenLine" */ = {
			isa = XCConfigurationList;
			buildConfigurations = (
				5CCDE26C2E011CE700F92CBD /* Debug */,
				5CCDE26D2E011CE700F92CBD /* Release */,
			);
			defaultConfigurationIsVisible = 0;
			defaultConfigurationName = Release;
		};
		5CCDE2702E011CE700F92CBD /* Build configuration list for PBXNativeTarget "OpenLineTests" */ = {
			isa = XCConfigurationList;
			buildConfigurations = (
				5CCDE2712E011CE700F92CBD /* Debug */,
				5CCDE2722E011CE700F92CBD /* Release */,
			);
			defaultConfigurationIsVisible = 0;
			defaultConfigurationName = Release;
		};
		5CCDE2732E011CE700F92CBD /* Build configuration list for PBXNativeTarget "OpenLineUITests" */ = {
			isa = XCConfigurationList;
			buildConfigurations = (
				5CCDE2742E011CE700F92CBD /* Debug */,
				5CCDE2752E011CE700F92CBD /* Release */,
			);
			defaultConfigurationIsVisible = 0;
			defaultConfigurationName = Release;
		};
		F103C29A2F4594B6000A6C5B /* Build configuration list for PBXNativeTarget "OpenLineWidgetExtension" */ = {
			isa = XCConfigurationList;
			buildConfigurations = (
				F103C2982F4594B6000A6C5B /* Debug */,
				F103C2992F4594B6000A6C5B /* Release */,
			);
			defaultConfigurationIsVisible = 0;
			defaultConfigurationName = Release;
		};
/* End XCConfigurationList section */
	};
	rootObject = 5CCDE23C2E011CE500F92CBD /* Project object */;
}
